PODS:
  - ChameleonFramework/Default (2.1.0)
  - ChameleonFramework/Swift (2.1.0):
    - ChameleonFramework/Default
  - Hero (1.0.0-alpha.5)
  - IGListKit (2.1.0):
    - IGListKit/Default (= 2.1.0)
  - IGListKit/Default (2.1.0):
    - IGListKit/Diffing
  - IGListKit/Diffing (2.1.0)
  - KeychainSwift (8.0.2)
  - ObjectMapper (2.2.7)
  - ObjectMapper+Realm (0.3):
    - ObjectMapper
    - RealmSwift
  - PINCache (3.0.1-beta.4):
    - PINCache/Arc-exception-safe (= 3.0.1-beta.4)
    - PINCache/Core (= 3.0.1-beta.4)
  - PINCache/Arc-exception-safe (3.0.1-beta.4):
    - PINCache/Core
  - PINCache/Core (3.0.1-beta.4):
    - PINOperation (= 1.0.3)
  - PINOperation (1.0.3)
  - PINRemoteImage/Core (3.0.0-beta.9):
    - PINOperation
  - PINRemoteImage/iOS (3.0.0-beta.9):
    - PINRemoteImage/Core
  - PINRemoteImage/PINCache (3.0.0-beta.9):
    - PINCache (= 3.0.1-beta.4)
    - PINRemoteImage/Core
  - Realm (3.0.0):
    - Realm/Headers (= 3.0.0)
  - Realm/Headers (3.0.0)
  - RealmSwift (3.0.0):
    - Realm (= 3.0.0)
  - Texture (2.3.3):
    - Texture/PINRemoteImage (= 2.3.3)
  - Texture/Core (2.3.3)
  - Texture/IGListKit (2.3.3):
    - IGListKit (= 2.1.0)
    - Texture/Core
  - Texture/PINRemoteImage (2.3.3):
    - PINRemoteImage/iOS (= 3.0.0-beta.9)
    - PINRemoteImage/PINCache
    - Texture/Core

DEPENDENCIES:
  - ChameleonFramework/Swift (from `https://github.com/ViccAlexander/Chameleon.git`)
  - Hero (from `https://github.com/lkzhao/Hero.git`)
  - KeychainSwift (~> 8.0)
  - ObjectMapper+Realm
  - RealmSwift
  - Texture
  - Texture/IGListKit

EXTERNAL SOURCES:
  ChameleonFramework:
    :git: https://github.com/ViccAlexander/Chameleon.git
  Hero:
    :git: https://github.com/lkzhao/Hero.git

CHECKOUT OPTIONS:
  ChameleonFramework:
    :commit: 6dd284bde21ea2e7f9fd89bc36f40df16e16369d
    :git: https://github.com/ViccAlexander/Chameleon.git
  Hero:
    :commit: 3aa6d7962111d723aa70e3b81dff0048169dcbc7
    :git: https://github.com/lkzhao/Hero.git

SPEC CHECKSUMS:
  ChameleonFramework: d21a3cc247abfe5e37609a283a8238b03575cf64
  Hero: 077b71aaa08f73d6df4d74ddcdb8ea5ffe96284f
  IGListKit: b826c68ef7a4ae1626c09d4d3e1ea7a169e6c36e
  KeychainSwift: 213db04dfe7244988e61f77c72a2afb2f775954a
  ObjectMapper: 65abcfd9a61cf7396cbd14a4fb22fddfcc46577e
  ObjectMapper+Realm: 98992926f775a4fdf1c025541b97c78119f15b8a
  PINCache: a89c8f609232afac77128557bd12c861844423d7
  PINOperation: ac23db44796d4a564ecf9b5ea7163510f579b71d
  PINRemoteImage: e4e02e15a6f96cedbcef2abf1c9c1228dc9897d7
  Realm: dec0de73be8c57506e39db72694d513c189493b3
  RealmSwift: 44a7090b16d1b22a406c6bf129bdd602db1bbecc
  Texture: e01a363c2b6567e1ff27a878995e0d271fbb424c

PODFILE CHECKSUM: c988126036b3d88928fdbb17fc0557cc1fbede6b

COCOAPODS: 1.3.1
