// !$*UTF8*$!
{
	archiveVersion = 1;
	classes = {
	};
	objectVersion = 46;
	objects = {

/* Begin PBXBuildFile section */
		56A5B39B1E0C597700C6A08E /* AppDelegate.swift in Sources */ = {isa = PBXBuildFile; fileRef = 56A5B39A1E0C597700C6A08E /* AppDelegate.swift */; };
		56A5B39D1E0C597700C6A08E /* ViewController.swift in Sources */ = {isa = PBXBuildFile; fileRef = 56A5B39C1E0C597700C6A08E /* ViewController.swift */; };
		56A5B3A01E0C597700C6A08E /* Main.storyboard in Resources */ = {isa = PBXBuildFile; fileRef = 56A5B39E1E0C597700C6A08E /* Main.storyboard */; };
		56A5B3A21E0C597700C6A08E /* Assets.xcassets in Resources */ = {isa = PBXBuildFile; fileRef = 56A5B3A11E0C597700C6A08E /* Assets.xcassets */; };
		56A5B3A51E0C597700C6A08E /* LaunchScreen.storyboard in Resources */ = {isa = PBXBuildFile; fileRef = 56A5B3A31E0C597700C6A08E /* LaunchScreen.storyboard */; };
/* End PBXBuildFile section */

/* Begin PBXFileReference section */
		56A5B3971E0C597700C6A08E /* snoogle.app */ = {isa = PBXFileReference; explicitFileType = wrapper.application; includeInIndex = 0; path = snoogle.app; sourceTree = BUILT_PRODUCTS_DIR; };
		56A5B39A1E0C597700C6A08E /* AppDelegate.swift */ = {isa = PBXFileReference; lastKnownFileType = sourcecode.swift; path = AppDelegate.swift; sourceTree = "<group>"; };
		56A5B39C1E0C597700C6A08E /* ViewController.swift */ = {isa = PBXFileReference; lastKnownFileType = sourcecode.swift; path = ViewController.swift; sourceTree = "<group>"; };
		56A5B39F1E0C597700C6A08E /* Base */ = {isa = PBXFileReference; lastKnownFileType = file.storyboard; name = Base; path = Base.lproj/Main.storyboard; sourceTree = "<group>"; };
		56A5B3A11E0C597700C6A08E /* Assets.xcassets */ = {isa = PBXFileReference; lastKnownFileType = folder.assetcatalog; path = Assets.xcassets; sourceTree = "<group>"; };
		56A5B3A41E0C597700C6A08E /* Base */ = {isa = PBXFileReference; lastKnownFileType = file.storyboard; name = Base; path = Base.lproj/LaunchScreen.storyboard; sourceTree = "<group>"; };
		56A5B3A61E0C597700C6A08E /* Info.plist */ = {isa = PBXFileReference; lastKnownFileType = text.plist.xml; path = Info.plist; sourceTree = "<group>"; };
/* End PBXFileReference section */

/* Begin PBXFrameworksBuildPhase section */
		56A5B3941E0C597600C6A08E /* Frameworks */ = {
			isa = PBXFrameworksBuildPhase;
			buildActionMask = 2147483647;
			files = (
			);
			runOnlyForDeploymentPostprocessing = 0;
		};
/* End PBXFrameworksBuildPhase section */

/* Begin PBXGroup section */
		56A5B38E1E0C597600C6A08E = {
			isa = PBXGroup;
			children = (
				56A5B3991E0C597700C6A08E /* snoogle */,
				56A5B3981E0C597700C6A08E /* Products */,
			);
			sourceTree = "<group>";
		};
		56A5B3981E0C597700C6A08E /* Products */ = {
			isa = PBXGroup;
			children = (
				56A5B3971E0C597700C6A08E /* snoogle.app */,
			);
			name = Products;
			sourceTree = "<group>";
		};
		56A5B3991E0C597700C6A08E /* snoogle */ = {
			isa = PBXGroup;
			children = (
				56A5B39A1E0C597700C6A08E /* AppDelegate.swift */,
				56A5B39C1E0C597700C6A08E /* ViewController.swift */,
				56A5B39E1E0C597700C6A08E /* Main.storyboard */,
				56A5B3A11E0C597700C6A08E /* Assets.xcassets */,
				56A5B3A31E0C597700C6A08E /* LaunchScreen.storyboard */,
				56A5B3A61E0C597700C6A08E /* Info.plist */,
			);
			path = snoogle;
			sourceTree = "<group>";
		};
/* End PBXGroup section */

/* Begin PBXNativeTarget section */
		56A5B3961E0C597600C6A08E /* snoogle */ = {
			isa = PBXNativeTarget;
			buildConfigurationList = 56A5B3A91E0C597700C6A08E /* Build configuration list for PBXNativeTarget "snoogle" */;
			buildPhases = (
				56A5B3931E0C597600C6A08E /* Sources */,
				56A5B3941E0C597600C6A08E /* Frameworks */,
				56A5B3951E0C597600C6A08E /* Resources */,
			);
			buildRules = (
			);
			dependencies = (
			);
			name = snoogle;
			productName = snoogle;
			productReference = 56A5B3971E0C597700C6A08E /* snoogle.app */;
			productType = "com.apple.product-type.application";
		};
/* End PBXNativeTarget section */

/* Begin PBXProject section */
		56A5B38F1E0C597600C6A08E /* Project object */ = {
			isa = PBXProject;
			attributes = {
				LastSwiftUpdateCheck = 0820;
				LastUpgradeCheck = 0820;
				ORGANIZATIONNAME = "Vincent Moore";
				TargetAttributes = {
					56A5B3961E0C597600C6A08E = {
						CreatedOnToolsVersion = 8.2;
						DevelopmentTeam = PG246JM739;
						ProvisioningStyle = Automatic;
					};
				};
			};
			buildConfigurationList = 56A5B3921E0C597600C6A08E /* Build configuration list for PBXProject "snoogle" */;
			compatibilityVersion = "Xcode 3.2";
			developmentRegion = English;
			hasScannedForEncodings = 0;
			knownRegions = (
				en,
				Base,
			);
			mainGroup = 56A5B38E1E0C597600C6A08E;
			productRefGroup = 56A5B3981E0C597700C6A08E /* Products */;
			projectDirPath = "";
			projectRoot = "";
			targets = (
				56A5B3961E0C597600C6A08E /* snoogle */,
			);
		};
/* End PBXProject section */

/* Begin PBXResourcesBuildPhase section */
		56A5B3951E0C597600C6A08E /* Resources */ = {
			isa = PBXResourcesBuildPhase;
			buildActionMask = 2147483647;
			files = (
				56A5B3A51E0C597700C6A08E /* LaunchScreen.storyboard in Resources */,
				56A5B3A21E0C597700C6A08E /* Assets.xcassets in Resources */,
				56A5B3A01E0C597700C6A08E /* Main.storyboard in Resources */,
			);
			runOnlyForDeploymentPostprocessing = 0;
		};
/* End PBXResourcesBuildPhase section */

/* Begin PBXSourcesBuildPhase section */
		56A5B3931E0C597600C6A08E /* Sources */ = {
			isa = PBXSourcesBuildPhase;
			buildActionMask = 2147483647;
			files = (
				56A5B39D1E0C597700C6A08E /* ViewController.swift in Sources */,
				56A5B39B1E0C597700C6A08E /* AppDelegate.swift in Sources */,
			);
			runOnlyForDeploymentPostprocessing = 0;
		};
/* End PBXSourcesBuildPhase section */

/* Begin PBXVariantGroup section */
		56A5B39E1E0C597700C6A08E /* Main.storyboard */ = {
			isa = PBXVariantGroup;
			children = (
				56A5B39F1E0C597700C6A08E /* Base */,
			);
			name = Main.storyboard;
			sourceTree = "<group>";
		};
		56A5B3A31E0C597700C6A08E /* LaunchScreen.storyboard */ = {
			isa = PBXVariantGroup;
			children = (
				56A5B3A41E0C597700C6A08E /* Base */,
			);
			name = LaunchScreen.storyboard;
			sourceTree = "<group>";
		};
/* End PBXVariantGroup section */

/* Begin XCBuildConfiguration section */
		56A5B3A71E0C597700C6A08E /* Debug */ = {
			isa = XCBuildConfiguration;
			buildSettings = {
				ALWAYS_SEARCH_USER_PATHS = NO;
				CLANG_ANALYZER_NONNULL = YES;
				CLANG_CXX_LANGUAGE_STANDARD = "gnu++0x";
				CLANG_CXX_LIBRARY = "libc++";
				CLANG_ENABLE_MODULES = YES;
				CLANG_ENABLE_OBJC_ARC = YES;
				CLANG_WARN_BOOL_CONVERSION = YES;
				CLANG_WARN_CONSTANT_CONVERSION = YES;
				CLANG_WARN_DIRECT_OBJC_ISA_USAGE = YES_ERROR;
				CLANG_WARN_DOCUMENTATION_COMMENTS = YES;
				CLANG_WARN_EMPTY_BODY = YES;
				CLANG_WARN_ENUM_CONVERSION = YES;
				CLANG_WARN_INFINITE_RECURSION = YES;
				CLANG_WARN_INT_CONVERSION = YES;
				CLANG_WARN_OBJC_ROOT_CLASS = YES_ERROR;
				CLANG_WARN_SUSPICIOUS_MOVE = YES;
				CLANG_WARN_UNREACHABLE_CODE = YES;
				CLANG_WARN__DUPLICATE_METHOD_MATCH = YES;
				"CODE_SIGN_IDENTITY[sdk=iphoneos*]" = "iPhone Developer";
				COPY_PHASE_STRIP = NO;
				DEBUG_INFORMATION_FORMAT = dwarf;
				ENABLE_STRICT_OBJC_MSGSEND = YES;
				ENABLE_TESTABILITY = YES;
				GCC_C_LANGUAGE_STANDARD = gnu99;
				GCC_DYNAMIC_NO_PIC = NO;
				GCC_NO_COMMON_BLOCKS = YES;
				GCC_OPTIMIZATION_LEVEL = 0;
				GCC_PREPROCESSOR_DEFINITIONS = (
					"DEBUG=1",
					"$(inherited)",
				);
				GCC_WARN_64_TO_32_BIT_CONVERSION = YES;
				GCC_WARN_ABOUT_RETURN_TYPE = YES_ERROR;
				GCC_WARN_UNDECLARED_SELECTOR = YES;
				GCC_WARN_UNINITIALIZED_AUTOS = YES_AGGRESSIVE;
				GCC_WARN_UNUSED_FUNCTION = YES;
				GCC_WARN_UNUSED_VARIABLE = YES;
				IPHONEOS_DEPLOYMENT_TARGET = 10.2;
				MTL_ENABLE_DEBUG_INFO = YES;
				ONLY_ACTIVE_ARCH = YES;
				SDKROOT = iphoneos;
				SWIFT_ACTIVE_COMPILATION_CONDITIONS = DEBUG;
				SWIFT_OPTIMIZATION_LEVEL = "-Onone";
				TARGETED_DEVICE_FAMILY = "1,2";
			};
			name = Debug;
		};
		56A5B3A81E0C597700C6A08E /* Release */ = {
			isa = XCBuildConfiguration;
			buildSettings = {
				ALWAYS_SEARCH_USER_PATHS = NO;
				CLANG_ANALYZER_NONNULL = YES;
				CLANG_CXX_LANGUAGE_STANDARD = "gnu++0x";
				CLANG_CXX_LIBRARY = "libc++";
				CLANG_ENABLE_MODULES = YES;
				CLANG_ENABLE_OBJC_ARC = YES;
				CLANG_WARN_BOOL_CONVERSION = YES;
				CLANG_WARN_CONSTANT_CONVERSION = YES;
				CLANG_WARN_DIRECT_OBJC_ISA_USAGE = YES_ERROR;
				CLANG_WARN_DOCUMENTATION_COMMENTS = YES;
				CLANG_WARN_EMPTY_BODY = YES;
				CLANG_WARN_ENUM_CONVERSION = YES;
				CLANG_WARN_INFINITE_RECURSION = YES;
				CLANG_WARN_INT_CONVERSION = YES;
				CLANG_WARN_OBJC_ROOT_CLASS = YES_ERROR;
				CLANG_WARN_SUSPICIOUS_MOVE = YES;
				CLANG_WARN_UNREACHABLE_CODE = YES;
				CLANG_WARN__DUPLICATE_METHOD_MATCH = YES;
				"CODE_SIGN_IDENTITY[sdk=iphoneos*]" = "iPhone Developer";
				COPY_PHASE_STRIP = NO;
				DEBUG_INFORMATION_FORMAT = "dwarf-with-dsym";
				ENABLE_NS_ASSERTIONS = NO;
				ENABLE_STRICT_OBJC_MSGSEND = YES;
				GCC_C_LANGUAGE_STANDARD = gnu99;
				GCC_NO_COMMON_BLOCKS = YES;
				GCC_WARN_64_TO_32_BIT_CONVERSION = YES;
				GCC_WARN_ABOUT_RETURN_TYPE = YES_ERROR;
				GCC_WARN_UNDECLARED_SELECTOR = YES;
				GCC_WARN_UNINITIALIZED_AUTOS = YES_AGGRESSIVE;
				GCC_WARN_UNUSED_FUNCTION = YES;
				GCC_WARN_UNUSED_VARIABLE = YES;
				IPHONEOS_DEPLOYMENT_TARGET = 10.2;
				MTL_ENABLE_DEBUG_INFO = NO;
				SDKROOT = iphoneos;
				SWIFT_OPTIMIZATION_LEVEL = "-Owholemodule";
				TARGETED_DEVICE_FAMILY = "1,2";
				VALIDATE_PRODUCT = YES;
			};
			name = Release;
		};
		56A5B3AA1E0C597700C6A08E /* Debug */ = {
			isa = XCBuildConfiguration;
			buildSettings = {
				ASSETCATALOG_COMPILER_APPICON_NAME = AppIcon;
				DEVELOPMENT_TEAM = PG246JM739;
				INFOPLIST_FILE = snoogle/Info.plist;
				LD_RUNPATH_SEARCH_PATHS = "$(inherited) @executable_path/Frameworks";
				PRODUCT_BUNDLE_IDENTIFIER = com.debonair.snoogle;
				PRODUCT_NAME = "$(TARGET_NAME)";
				SWIFT_VERSION = 3.0;
			};
			name = Debug;
		};
		56A5B3AB1E0C597700C6A08E /* Release */ = {
			isa = XCBuildConfiguration;
			buildSettings = {
				ASSETCATALOG_COMPILER_APPICON_NAME = AppIcon;
				DEVELOPMENT_TEAM = PG246JM739;
				INFOPLIST_FILE = snoogle/Info.plist;
				LD_RUNPATH_SEARCH_PATHS = "$(inherited) @executable_path/Frameworks";
				PRODUCT_BUNDLE_IDENTIFIER = com.debonair.snoogle;
				PRODUCT_NAME = "$(TARGET_NAME)";
				SWIFT_VERSION = 3.0;
			};
			name = Release;
		};
/* End XCBuildConfiguration section */

/* Begin XCConfigurationList section */
		56A5B3921E0C597600C6A08E /* Build configuration list for PBXProject "snoogle" */ = {
			isa = XCConfigurationList;
			buildConfigurations = (
				56A5B3A71E0C597700C6A08E /* Debug */,
				56A5B3A81E0C597700C6A08E /* Release */,
			);
			defaultConfigurationIsVisible = 0;
			defaultConfigurationName = Release;
		};
		56A5B3A91E0C597700C6A08E /* Build configuration list for PBXNativeTarget "snoogle" */ = {
			isa = XCConfigurationList;
			buildConfigurations = (
				56A5B3AA1E0C597700C6A08E /* Debug */,
				56A5B3AB1E0C597700C6A08E /* Release */,
			);
			defaultConfigurationIsVisible = 0;
		};
/* End XCConfigurationList section */
	};
	rootObject = 56A5B38F1E0C597600C6A08E /* Project object */;
}
