// !$*UTF8*$!
{
	archiveVersion = 1;
	classes = {
	};
	objectVersion = 46;
	objects = {

/* Begin PBXBuildFile section */
		560FB7BF1E27E73E00382958 /* AlbumSlideViewModel.swift in Sources */ = {isa = PBXBuildFile; fileRef = 560FB7BE1E27E73E00382958 /* AlbumSlideViewModel.swift */; };
		56126EB81E1D8B440063B6ED /* ArticleViewController.swift in Sources */ = {isa = PBXBuildFile; fileRef = 56126EB71E1D8B440063B6ED /* ArticleViewController.swift */; };
		56126EBC1E1D989E0063B6ED /* CellNodeArticleButtonBar.swift in Sources */ = {isa = PBXBuildFile; fileRef = 56126EBB1E1D989E0063B6ED /* CellNodeArticleButtonBar.swift */; };
		56126EBE1E1D9D060063B6ED /* ArticleViewModel.swift in Sources */ = {isa = PBXBuildFile; fileRef = 56126EBD1E1D9D060063B6ED /* ArticleViewModel.swift */; };
		56126EC01E1D9DBD0063B6ED /* ViewModelElement.swift in Sources */ = {isa = PBXBuildFile; fileRef = 56126EBF1E1D9DBD0063B6ED /* ViewModelElement.swift */; };
		56126EC21E1DAC580063B6ED /* CellNodeSeparator.swift in Sources */ = {isa = PBXBuildFile; fileRef = 56126EC11E1DAC580063B6ED /* CellNodeSeparator.swift */; };
		562586731E1977580006E593 /* String+Integer+Subscript.swift in Sources */ = {isa = PBXBuildFile; fileRef = 562586721E1977580006E593 /* String+Integer+Subscript.swift */; };
		562BD45A1E26983600F1DC01 /* NodeSlide.swift in Sources */ = {isa = PBXBuildFile; fileRef = 562BD4591E26983600F1DC01 /* NodeSlide.swift */; };
		562C1F031E118E24001BA898 /* Config.swift in Sources */ = {isa = PBXBuildFile; fileRef = 562C1F021E118E24001BA898 /* Config.swift */; };
		562C1F071E11C921001BA898 /* CellNodePost.swift in Sources */ = {isa = PBXBuildFile; fileRef = 562C1F061E11C921001BA898 /* CellNodePost.swift */; };
		562C1F0B1E1441DD001BA898 /* CellNodeMedia.swift in Sources */ = {isa = PBXBuildFile; fileRef = 562C1F0A1E1441DD001BA898 /* CellNodeMedia.swift */; };
		562C1F0E1E145FE9001BA898 /* Date+TimeAgo.swift in Sources */ = {isa = PBXBuildFile; fileRef = 562C1F0D1E145FE9001BA898 /* Date+TimeAgo.swift */; };
		562C1F131E147E82001BA898 /* Photo.swift in Sources */ = {isa = PBXBuildFile; fileRef = 562C1F121E147E82001BA898 /* Photo.swift */; };
		562C1F161E147EB2001BA898 /* MediaElement.swift in Sources */ = {isa = PBXBuildFile; fileRef = 562C1F151E147EB2001BA898 /* MediaElement.swift */; };
		562C1F181E148061001BA898 /* Video.swift in Sources */ = {isa = PBXBuildFile; fileRef = 562C1F171E148061001BA898 /* Video.swift */; };
		563D037A1E23ED9900BD24D4 /* CellNodeButtonBar.swift in Sources */ = {isa = PBXBuildFile; fileRef = 563D03791E23ED9900BD24D4 /* CellNodeButtonBar.swift */; };
		563D037F1E24C69C00BD24D4 /* NodeMediaAlbum.swift in Sources */ = {isa = PBXBuildFile; fileRef = 563D037E1E24C69C00BD24D4 /* NodeMediaAlbum.swift */; };
		563D03831E257A8B00BD24D4 /* NodeMedia.swift in Sources */ = {isa = PBXBuildFile; fileRef = 563D03821E257A8B00BD24D4 /* NodeMedia.swift */; };
		56469C6D1E0EDAEE0095AE93 /* Listing.swift in Sources */ = {isa = PBXBuildFile; fileRef = 56469C6C1E0EDAEE0095AE93 /* Listing.swift */; };
		56469C6F1E0EE2E80095AE93 /* Subreddit.swift in Sources */ = {isa = PBXBuildFile; fileRef = 56469C6E1E0EE2E80095AE93 /* Subreddit.swift */; };
		568CA6761E201B26009F1289 /* PostViewModel.swift in Sources */ = {isa = PBXBuildFile; fileRef = 568CA6751E201B26009F1289 /* PostViewModel.swift */; };
		56978ACD1E1F55900060B558 /* Comment.swift in Sources */ = {isa = PBXBuildFile; fileRef = 56978ACC1E1F55900060B558 /* Comment.swift */; };
		56978ACF1E1F7D9E0060B558 /* CellNodeComment.swift in Sources */ = {isa = PBXBuildFile; fileRef = 56978ACE1E1F7D9E0060B558 /* CellNodeComment.swift */; };
		56A5B39B1E0C597700C6A08E /* AppDelegate.swift in Sources */ = {isa = PBXBuildFile; fileRef = 56A5B39A1E0C597700C6A08E /* AppDelegate.swift */; };
		56A5B39D1E0C597700C6A08E /* FeedViewController.swift in Sources */ = {isa = PBXBuildFile; fileRef = 56A5B39C1E0C597700C6A08E /* FeedViewController.swift */; };
		56A5B3A21E0C597700C6A08E /* Assets.xcassets in Resources */ = {isa = PBXBuildFile; fileRef = 56A5B3A11E0C597700C6A08E /* Assets.xcassets */; };
		56A5B3A51E0C597700C6A08E /* LaunchScreen.storyboard in Resources */ = {isa = PBXBuildFile; fileRef = 56A5B3A31E0C597700C6A08E /* LaunchScreen.storyboard */; };
		56C4E2C11E228D700080E6E0 /* CommentViewModel.swift in Sources */ = {isa = PBXBuildFile; fileRef = 56C4E2C01E228D700080E6E0 /* CommentViewModel.swift */; };
		56E7CEC71E1CAEAB001B48EE /* CellNodeText.swift in Sources */ = {isa = PBXBuildFile; fileRef = 56E7CEC61E1CAEAB001B48EE /* CellNodeText.swift */; };
		C54C438B155E98E4DF5ED4E9 /* Pods_snoogle.framework in Frameworks */ = {isa = PBXBuildFile; fileRef = 83D7A2D234DE1E812575C5BB /* Pods_snoogle.framework */; };
/* End PBXBuildFile section */

/* Begin PBXFileReference section */
		560FB7BE1E27E73E00382958 /* AlbumSlideViewModel.swift */ = {isa = PBXFileReference; fileEncoding = 4; lastKnownFileType = sourcecode.swift; path = AlbumSlideViewModel.swift; sourceTree = "<group>"; };
		56126EB71E1D8B440063B6ED /* ArticleViewController.swift */ = {isa = PBXFileReference; fileEncoding = 4; lastKnownFileType = sourcecode.swift; path = ArticleViewController.swift; sourceTree = "<group>"; };
		56126EBB1E1D989E0063B6ED /* CellNodeArticleButtonBar.swift */ = {isa = PBXFileReference; fileEncoding = 4; lastKnownFileType = sourcecode.swift; path = CellNodeArticleButtonBar.swift; sourceTree = "<group>"; };
		56126EBD1E1D9D060063B6ED /* ArticleViewModel.swift */ = {isa = PBXFileReference; fileEncoding = 4; lastKnownFileType = sourcecode.swift; path = ArticleViewModel.swift; sourceTree = "<group>"; };
		56126EBF1E1D9DBD0063B6ED /* ViewModelElement.swift */ = {isa = PBXFileReference; fileEncoding = 4; lastKnownFileType = sourcecode.swift; path = ViewModelElement.swift; sourceTree = "<group>"; };
		56126EC11E1DAC580063B6ED /* CellNodeSeparator.swift */ = {isa = PBXFileReference; fileEncoding = 4; lastKnownFileType = sourcecode.swift; path = CellNodeSeparator.swift; sourceTree = "<group>"; };
		562586721E1977580006E593 /* String+Integer+Subscript.swift */ = {isa = PBXFileReference; fileEncoding = 4; lastKnownFileType = sourcecode.swift; path = "String+Integer+Subscript.swift"; sourceTree = "<group>"; };
		562BD4591E26983600F1DC01 /* NodeSlide.swift */ = {isa = PBXFileReference; fileEncoding = 4; lastKnownFileType = sourcecode.swift; path = NodeSlide.swift; sourceTree = "<group>"; };
		562C1F021E118E24001BA898 /* Config.swift */ = {isa = PBXFileReference; fileEncoding = 4; lastKnownFileType = sourcecode.swift; path = Config.swift; sourceTree = "<group>"; };
		562C1F061E11C921001BA898 /* CellNodePost.swift */ = {isa = PBXFileReference; fileEncoding = 4; lastKnownFileType = sourcecode.swift; path = CellNodePost.swift; sourceTree = "<group>"; };
		562C1F0A1E1441DD001BA898 /* CellNodeMedia.swift */ = {isa = PBXFileReference; fileEncoding = 4; lastKnownFileType = sourcecode.swift; path = CellNodeMedia.swift; sourceTree = "<group>"; };
		562C1F0D1E145FE9001BA898 /* Date+TimeAgo.swift */ = {isa = PBXFileReference; fileEncoding = 4; lastKnownFileType = sourcecode.swift; path = "Date+TimeAgo.swift"; sourceTree = "<group>"; };
		562C1F121E147E82001BA898 /* Photo.swift */ = {isa = PBXFileReference; fileEncoding = 4; lastKnownFileType = sourcecode.swift; path = Photo.swift; sourceTree = "<group>"; };
		562C1F151E147EB2001BA898 /* MediaElement.swift */ = {isa = PBXFileReference; fileEncoding = 4; lastKnownFileType = sourcecode.swift; path = MediaElement.swift; sourceTree = "<group>"; };
		562C1F171E148061001BA898 /* Video.swift */ = {isa = PBXFileReference; fileEncoding = 4; lastKnownFileType = sourcecode.swift; path = Video.swift; sourceTree = "<group>"; };
		563D03791E23ED9900BD24D4 /* CellNodeButtonBar.swift */ = {isa = PBXFileReference; fileEncoding = 4; lastKnownFileType = sourcecode.swift; path = CellNodeButtonBar.swift; sourceTree = "<group>"; };
		563D037E1E24C69C00BD24D4 /* NodeMediaAlbum.swift */ = {isa = PBXFileReference; fileEncoding = 4; lastKnownFileType = sourcecode.swift; path = NodeMediaAlbum.swift; sourceTree = "<group>"; };
		563D03821E257A8B00BD24D4 /* NodeMedia.swift */ = {isa = PBXFileReference; fileEncoding = 4; lastKnownFileType = sourcecode.swift; path = NodeMedia.swift; sourceTree = "<group>"; };
		56469C6C1E0EDAEE0095AE93 /* Listing.swift */ = {isa = PBXFileReference; fileEncoding = 4; lastKnownFileType = sourcecode.swift; path = Listing.swift; sourceTree = "<group>"; };
		56469C6E1E0EE2E80095AE93 /* Subreddit.swift */ = {isa = PBXFileReference; fileEncoding = 4; lastKnownFileType = sourcecode.swift; path = Subreddit.swift; sourceTree = "<group>"; };
		568CA6751E201B26009F1289 /* PostViewModel.swift */ = {isa = PBXFileReference; fileEncoding = 4; lastKnownFileType = sourcecode.swift; path = PostViewModel.swift; sourceTree = "<group>"; };
		56978ACC1E1F55900060B558 /* Comment.swift */ = {isa = PBXFileReference; fileEncoding = 4; lastKnownFileType = sourcecode.swift; path = Comment.swift; sourceTree = "<group>"; };
		56978ACE1E1F7D9E0060B558 /* CellNodeComment.swift */ = {isa = PBXFileReference; fileEncoding = 4; lastKnownFileType = sourcecode.swift; name = CellNodeComment.swift; path = ../CellNodeComment.swift; sourceTree = "<group>"; };
		56A5B3971E0C597700C6A08E /* snoogle.app */ = {isa = PBXFileReference; explicitFileType = wrapper.application; includeInIndex = 0; path = snoogle.app; sourceTree = BUILT_PRODUCTS_DIR; };
		56A5B39A1E0C597700C6A08E /* AppDelegate.swift */ = {isa = PBXFileReference; lastKnownFileType = sourcecode.swift; path = AppDelegate.swift; sourceTree = "<group>"; };
		56A5B39C1E0C597700C6A08E /* FeedViewController.swift */ = {isa = PBXFileReference; lastKnownFileType = sourcecode.swift; path = FeedViewController.swift; sourceTree = "<group>"; };
		56A5B3A11E0C597700C6A08E /* Assets.xcassets */ = {isa = PBXFileReference; lastKnownFileType = folder.assetcatalog; path = Assets.xcassets; sourceTree = "<group>"; };
		56A5B3A41E0C597700C6A08E /* Base */ = {isa = PBXFileReference; lastKnownFileType = file.storyboard; name = Base; path = Base.lproj/LaunchScreen.storyboard; sourceTree = "<group>"; };
		56A5B3A61E0C597700C6A08E /* Info.plist */ = {isa = PBXFileReference; lastKnownFileType = text.plist.xml; path = Info.plist; sourceTree = "<group>"; };
		56C4E2C01E228D700080E6E0 /* CommentViewModel.swift */ = {isa = PBXFileReference; fileEncoding = 4; lastKnownFileType = sourcecode.swift; path = CommentViewModel.swift; sourceTree = "<group>"; };
		56E7CEC61E1CAEAB001B48EE /* CellNodeText.swift */ = {isa = PBXFileReference; fileEncoding = 4; lastKnownFileType = sourcecode.swift; path = CellNodeText.swift; sourceTree = "<group>"; };
		83D7A2D234DE1E812575C5BB /* Pods_snoogle.framework */ = {isa = PBXFileReference; explicitFileType = wrapper.framework; includeInIndex = 0; path = Pods_snoogle.framework; sourceTree = BUILT_PRODUCTS_DIR; };
		A727E4D47AFA852E69E660A2 /* Pods-snoogle.release.xcconfig */ = {isa = PBXFileReference; includeInIndex = 1; lastKnownFileType = text.xcconfig; name = "Pods-snoogle.release.xcconfig"; path = "Pods/Target Support Files/Pods-snoogle/Pods-snoogle.release.xcconfig"; sourceTree = "<group>"; };
		D0412A6CD53A668DF8B77E91 /* Pods-snoogle.debug.xcconfig */ = {isa = PBXFileReference; includeInIndex = 1; lastKnownFileType = text.xcconfig; name = "Pods-snoogle.debug.xcconfig"; path = "Pods/Target Support Files/Pods-snoogle/Pods-snoogle.debug.xcconfig"; sourceTree = "<group>"; };
/* End PBXFileReference section */

/* Begin PBXFrameworksBuildPhase section */
		56A5B3941E0C597600C6A08E /* Frameworks */ = {
			isa = PBXFrameworksBuildPhase;
			buildActionMask = 2147483647;
			files = (
				C54C438B155E98E4DF5ED4E9 /* Pods_snoogle.framework in Frameworks */,
			);
			runOnlyForDeploymentPostprocessing = 0;
		};
/* End PBXFrameworksBuildPhase section */

/* Begin PBXGroup section */
		1714CA9885A598AAF42E3017 /* Pods */ = {
			isa = PBXGroup;
			children = (
				D0412A6CD53A668DF8B77E91 /* Pods-snoogle.debug.xcconfig */,
				A727E4D47AFA852E69E660A2 /* Pods-snoogle.release.xcconfig */,
			);
			name = Pods;
			sourceTree = "<group>";
		};
		32B568CC509B3289BDBF1FD6 /* Frameworks */ = {
			isa = PBXGroup;
			children = (
				83D7A2D234DE1E812575C5BB /* Pods_snoogle.framework */,
			);
			name = Frameworks;
			sourceTree = "<group>";
		};
		562C1F0C1E145FD2001BA898 /* extensions */ = {
			isa = PBXGroup;
			children = (
				562C1F0D1E145FE9001BA898 /* Date+TimeAgo.swift */,
				562586721E1977580006E593 /* String+Integer+Subscript.swift */,
			);
			name = extensions;
			sourceTree = "<group>";
		};
		562C1F0F1E14663D001BA898 /* cells */ = {
			isa = PBXGroup;
			children = (
				56978ACE1E1F7D9E0060B558 /* CellNodeComment.swift */,
				56126EBB1E1D989E0063B6ED /* CellNodeArticleButtonBar.swift */,
				56E7CEC61E1CAEAB001B48EE /* CellNodeText.swift */,
				562C1F061E11C921001BA898 /* CellNodePost.swift */,
				562C1F0A1E1441DD001BA898 /* CellNodeMedia.swift */,
				56126EC11E1DAC580063B6ED /* CellNodeSeparator.swift */,
				563D03791E23ED9900BD24D4 /* CellNodeButtonBar.swift */,
			);
			name = cells;
			sourceTree = "<group>";
		};
		562C1F101E14665D001BA898 /* models */ = {
			isa = PBXGroup;
			children = (
				56469C6C1E0EDAEE0095AE93 /* Listing.swift */,
				56469C6E1E0EE2E80095AE93 /* Subreddit.swift */,
				562C1F121E147E82001BA898 /* Photo.swift */,
				562C1F171E148061001BA898 /* Video.swift */,
				56978ACC1E1F55900060B558 /* Comment.swift */,
			);
			name = models;
			sourceTree = "<group>";
		};
		562C1F111E146675001BA898 /* controllers */ = {
			isa = PBXGroup;
			children = (
				56A5B39C1E0C597700C6A08E /* FeedViewController.swift */,
				56126EB71E1D8B440063B6ED /* ArticleViewController.swift */,
			);
			name = controllers;
			sourceTree = "<group>";
		};
		562C1F141E147E9A001BA898 /* protocols */ = {
			isa = PBXGroup;
			children = (
				562C1F151E147EB2001BA898 /* MediaElement.swift */,
				56126EBF1E1D9DBD0063B6ED /* ViewModelElement.swift */,
			);
			name = protocols;
			sourceTree = "<group>";
		};
		563D037D1E24C66F00BD24D4 /* nodes */ = {
			isa = PBXGroup;
			children = (
				563D037E1E24C69C00BD24D4 /* NodeMediaAlbum.swift */,
				563D03821E257A8B00BD24D4 /* NodeMedia.swift */,
				562BD4591E26983600F1DC01 /* NodeSlide.swift */,
			);
			name = nodes;
			sourceTree = "<group>";
		};
		56A5B38E1E0C597600C6A08E = {
			isa = PBXGroup;
			children = (
				56A5B3991E0C597700C6A08E /* snoogle */,
				56A5B3981E0C597700C6A08E /* Products */,
				1714CA9885A598AAF42E3017 /* Pods */,
				32B568CC509B3289BDBF1FD6 /* Frameworks */,
			);
			sourceTree = "<group>";
		};
		56A5B3981E0C597700C6A08E /* Products */ = {
			isa = PBXGroup;
			children = (
				56A5B3971E0C597700C6A08E /* snoogle.app */,
			);
			name = Products;
			sourceTree = "<group>";
		};
		56A5B3991E0C597700C6A08E /* snoogle */ = {
			isa = PBXGroup;
			children = (
				56A5B39A1E0C597700C6A08E /* AppDelegate.swift */,
				562C1F021E118E24001BA898 /* Config.swift */,
				56A5B3A61E0C597700C6A08E /* Info.plist */,
				56A5B3A31E0C597700C6A08E /* LaunchScreen.storyboard */,
				56A5B3A11E0C597700C6A08E /* Assets.xcassets */,
				563D037D1E24C66F00BD24D4 /* nodes */,
				562C1F141E147E9A001BA898 /* protocols */,
				562C1F111E146675001BA898 /* controllers */,
				56C4E2BF1E227E0F0080E6E0 /* view models */,
				562C1F101E14665D001BA898 /* models */,
				562C1F0F1E14663D001BA898 /* cells */,
				562C1F0C1E145FD2001BA898 /* extensions */,
			);
			path = snoogle;
			sourceTree = "<group>";
		};
		56C4E2BF1E227E0F0080E6E0 /* view models */ = {
			isa = PBXGroup;
			children = (
				56126EBD1E1D9D060063B6ED /* ArticleViewModel.swift */,
				568CA6751E201B26009F1289 /* PostViewModel.swift */,
				56C4E2C01E228D700080E6E0 /* CommentViewModel.swift */,
				560FB7BE1E27E73E00382958 /* AlbumSlideViewModel.swift */,
			);
			name = "view models";
			sourceTree = "<group>";
		};
/* End PBXGroup section */

/* Begin PBXNativeTarget section */
		56A5B3961E0C597600C6A08E /* snoogle */ = {
			isa = PBXNativeTarget;
			buildConfigurationList = 56A5B3A91E0C597700C6A08E /* Build configuration list for PBXNativeTarget "snoogle" */;
			buildPhases = (
				3A9A956F8B0E57EA7558C647 /* [CP] Check Pods Manifest.lock */,
				56A5B3931E0C597600C6A08E /* Sources */,
				56A5B3941E0C597600C6A08E /* Frameworks */,
				56A5B3951E0C597600C6A08E /* Resources */,
				6849F9305196A97439D8299F /* [CP] Embed Pods Frameworks */,
				34DCE8E26CE744CEF142D939 /* [CP] Copy Pods Resources */,
			);
			buildRules = (
			);
			dependencies = (
			);
			name = snoogle;
			productName = snoogle;
			productReference = 56A5B3971E0C597700C6A08E /* snoogle.app */;
			productType = "com.apple.product-type.application";
		};
/* End PBXNativeTarget section */

/* Begin PBXProject section */
		56A5B38F1E0C597600C6A08E /* Project object */ = {
			isa = PBXProject;
			attributes = {
				LastSwiftUpdateCheck = 0820;
				LastUpgradeCheck = 0820;
				ORGANIZATIONNAME = "Vincent Moore";
				TargetAttributes = {
					56A5B3961E0C597600C6A08E = {
						CreatedOnToolsVersion = 8.2;
						DevelopmentTeam = PG246JM739;
						ProvisioningStyle = Automatic;
					};
				};
			};
			buildConfigurationList = 56A5B3921E0C597600C6A08E /* Build configuration list for PBXProject "snoogle" */;
			compatibilityVersion = "Xcode 3.2";
			developmentRegion = English;
			hasScannedForEncodings = 0;
			knownRegions = (
				en,
				Base,
			);
			mainGroup = 56A5B38E1E0C597600C6A08E;
			productRefGroup = 56A5B3981E0C597700C6A08E /* Products */;
			projectDirPath = "";
			projectRoot = "";
			targets = (
				56A5B3961E0C597600C6A08E /* snoogle */,
			);
		};
/* End PBXProject section */

/* Begin PBXResourcesBuildPhase section */
		56A5B3951E0C597600C6A08E /* Resources */ = {
			isa = PBXResourcesBuildPhase;
			buildActionMask = 2147483647;
			files = (
				56A5B3A51E0C597700C6A08E /* LaunchScreen.storyboard in Resources */,
				56A5B3A21E0C597700C6A08E /* Assets.xcassets in Resources */,
			);
			runOnlyForDeploymentPostprocessing = 0;
		};
/* End PBXResourcesBuildPhase section */

/* Begin PBXShellScriptBuildPhase section */
		34DCE8E26CE744CEF142D939 /* [CP] Copy Pods Resources */ = {
			isa = PBXShellScriptBuildPhase;
			buildActionMask = 2147483647;
			files = (
			);
			inputPaths = (
			);
			name = "[CP] Copy Pods Resources";
			outputPaths = (
			);
			runOnlyForDeploymentPostprocessing = 0;
			shellPath = /bin/sh;
			shellScript = "\"${SRCROOT}/Pods/Target Support Files/Pods-snoogle/Pods-snoogle-resources.sh\"\n";
			showEnvVarsInLog = 0;
		};
		3A9A956F8B0E57EA7558C647 /* [CP] Check Pods Manifest.lock */ = {
			isa = PBXShellScriptBuildPhase;
			buildActionMask = 2147483647;
			files = (
			);
			inputPaths = (
			);
			name = "[CP] Check Pods Manifest.lock";
			outputPaths = (
			);
			runOnlyForDeploymentPostprocessing = 0;
			shellPath = /bin/sh;
			shellScript = "diff \"${PODS_ROOT}/../Podfile.lock\" \"${PODS_ROOT}/Manifest.lock\" > /dev/null\nif [ $? != 0 ] ; then\n    # print error to STDERR\n    echo \"error: The sandbox is not in sync with the Podfile.lock. Run 'pod install' or update your CocoaPods installation.\" >&2\n    exit 1\nfi\n";
			showEnvVarsInLog = 0;
		};
		6849F9305196A97439D8299F /* [CP] Embed Pods Frameworks */ = {
			isa = PBXShellScriptBuildPhase;
			buildActionMask = 2147483647;
			files = (
			);
			inputPaths = (
			);
			name = "[CP] Embed Pods Frameworks";
			outputPaths = (
			);
			runOnlyForDeploymentPostprocessing = 0;
			shellPath = /bin/sh;
			shellScript = "\"${SRCROOT}/Pods/Target Support Files/Pods-snoogle/Pods-snoogle-frameworks.sh\"\n";
			showEnvVarsInLog = 0;
		};
/* End PBXShellScriptBuildPhase section */

/* Begin PBXSourcesBuildPhase section */
		56A5B3931E0C597600C6A08E /* Sources */ = {
			isa = PBXSourcesBuildPhase;
			buildActionMask = 2147483647;
			files = (
				56469C6F1E0EE2E80095AE93 /* Subreddit.swift in Sources */,
				562C1F161E147EB2001BA898 /* MediaElement.swift in Sources */,
				563D03831E257A8B00BD24D4 /* NodeMedia.swift in Sources */,
				562C1F0B1E1441DD001BA898 /* CellNodeMedia.swift in Sources */,
				562586731E1977580006E593 /* String+Integer+Subscript.swift in Sources */,
				56A5B39D1E0C597700C6A08E /* FeedViewController.swift in Sources */,
				563D037A1E23ED9900BD24D4 /* CellNodeButtonBar.swift in Sources */,
				56E7CEC71E1CAEAB001B48EE /* CellNodeText.swift in Sources */,
				562C1F131E147E82001BA898 /* Photo.swift in Sources */,
				563D037F1E24C69C00BD24D4 /* NodeMediaAlbum.swift in Sources */,
				56126EC21E1DAC580063B6ED /* CellNodeSeparator.swift in Sources */,
				56126EB81E1D8B440063B6ED /* ArticleViewController.swift in Sources */,
				562C1F031E118E24001BA898 /* Config.swift in Sources */,
				562C1F0E1E145FE9001BA898 /* Date+TimeAgo.swift in Sources */,
				56126EC01E1D9DBD0063B6ED /* ViewModelElement.swift in Sources */,
				568CA6761E201B26009F1289 /* PostViewModel.swift in Sources */,
				562C1F181E148061001BA898 /* Video.swift in Sources */,
				562BD45A1E26983600F1DC01 /* NodeSlide.swift in Sources */,
				56978ACF1E1F7D9E0060B558 /* CellNodeComment.swift in Sources */,
				56469C6D1E0EDAEE0095AE93 /* Listing.swift in Sources */,
				56C4E2C11E228D700080E6E0 /* CommentViewModel.swift in Sources */,
				56126EBE1E1D9D060063B6ED /* ArticleViewModel.swift in Sources */,
				56126EBC1E1D989E0063B6ED /* CellNodeArticleButtonBar.swift in Sources */,
				560FB7BF1E27E73E00382958 /* AlbumSlideViewModel.swift in Sources */,
				56978ACD1E1F55900060B558 /* Comment.swift in Sources */,
				562C1F071E11C921001BA898 /* CellNodePost.swift in Sources */,
				56A5B39B1E0C597700C6A08E /* AppDelegate.swift in Sources */,
			);
			runOnlyForDeploymentPostprocessing = 0;
		};
/* End PBXSourcesBuildPhase section */

/* Begin PBXVariantGroup section */
		56A5B3A31E0C597700C6A08E /* LaunchScreen.storyboard */ = {
			isa = PBXVariantGroup;
			children = (
				56A5B3A41E0C597700C6A08E /* Base */,
			);
			name = LaunchScreen.storyboard;
			sourceTree = "<group>";
		};
/* End PBXVariantGroup section */

/* Begin XCBuildConfiguration section */
		56A5B3A71E0C597700C6A08E /* Debug */ = {
			isa = XCBuildConfiguration;
			buildSettings = {
				ALWAYS_SEARCH_USER_PATHS = NO;
				CLANG_ANALYZER_NONNULL = YES;
				CLANG_CXX_LANGUAGE_STANDARD = "gnu++0x";
				CLANG_CXX_LIBRARY = "libc++";
				CLANG_ENABLE_MODULES = YES;
				CLANG_ENABLE_OBJC_ARC = YES;
				CLANG_WARN_BOOL_CONVERSION = YES;
				CLANG_WARN_CONSTANT_CONVERSION = YES;
				CLANG_WARN_DIRECT_OBJC_ISA_USAGE = YES_ERROR;
				CLANG_WARN_DOCUMENTATION_COMMENTS = YES;
				CLANG_WARN_EMPTY_BODY = YES;
				CLANG_WARN_ENUM_CONVERSION = YES;
				CLANG_WARN_INFINITE_RECURSION = YES;
				CLANG_WARN_INT_CONVERSION = YES;
				CLANG_WARN_OBJC_ROOT_CLASS = YES_ERROR;
				CLANG_WARN_SUSPICIOUS_MOVE = YES;
				CLANG_WARN_UNREACHABLE_CODE = YES;
				CLANG_WARN__DUPLICATE_METHOD_MATCH = YES;
				"CODE_SIGN_IDENTITY[sdk=iphoneos*]" = "iPhone Developer";
				COPY_PHASE_STRIP = NO;
				DEBUG_INFORMATION_FORMAT = dwarf;
				ENABLE_STRICT_OBJC_MSGSEND = YES;
				ENABLE_TESTABILITY = YES;
				GCC_C_LANGUAGE_STANDARD = gnu99;
				GCC_DYNAMIC_NO_PIC = NO;
				GCC_NO_COMMON_BLOCKS = YES;
				GCC_OPTIMIZATION_LEVEL = 0;
				GCC_PREPROCESSOR_DEFINITIONS = (
					"DEBUG=1",
					"$(inherited)",
				);
				GCC_WARN_64_TO_32_BIT_CONVERSION = YES;
				GCC_WARN_ABOUT_RETURN_TYPE = YES_ERROR;
				GCC_WARN_UNDECLARED_SELECTOR = YES;
				GCC_WARN_UNINITIALIZED_AUTOS = YES_AGGRESSIVE;
				GCC_WARN_UNUSED_FUNCTION = YES;
				GCC_WARN_UNUSED_VARIABLE = YES;
				IPHONEOS_DEPLOYMENT_TARGET = 10.2;
				MTL_ENABLE_DEBUG_INFO = YES;
				ONLY_ACTIVE_ARCH = YES;
				SDKROOT = iphoneos;
				SWIFT_ACTIVE_COMPILATION_CONDITIONS = DEBUG;
				SWIFT_OPTIMIZATION_LEVEL = "-Onone";
				TARGETED_DEVICE_FAMILY = "1,2";
			};
			name = Debug;
		};
		56A5B3A81E0C597700C6A08E /* Release */ = {
			isa = XCBuildConfiguration;
			buildSettings = {
				ALWAYS_SEARCH_USER_PATHS = NO;
				CLANG_ANALYZER_NONNULL = YES;
				CLANG_CXX_LANGUAGE_STANDARD = "gnu++0x";
				CLANG_CXX_LIBRARY = "libc++";
				CLANG_ENABLE_MODULES = YES;
				CLANG_ENABLE_OBJC_ARC = YES;
				CLANG_WARN_BOOL_CONVERSION = YES;
				CLANG_WARN_CONSTANT_CONVERSION = YES;
				CLANG_WARN_DIRECT_OBJC_ISA_USAGE = YES_ERROR;
				CLANG_WARN_DOCUMENTATION_COMMENTS = YES;
				CLANG_WARN_EMPTY_BODY = YES;
				CLANG_WARN_ENUM_CONVERSION = YES;
				CLANG_WARN_INFINITE_RECURSION = YES;
				CLANG_WARN_INT_CONVERSION = YES;
				CLANG_WARN_OBJC_ROOT_CLASS = YES_ERROR;
				CLANG_WARN_SUSPICIOUS_MOVE = YES;
				CLANG_WARN_UNREACHABLE_CODE = YES;
				CLANG_WARN__DUPLICATE_METHOD_MATCH = YES;
				"CODE_SIGN_IDENTITY[sdk=iphoneos*]" = "iPhone Developer";
				COPY_PHASE_STRIP = NO;
				DEBUG_INFORMATION_FORMAT = "dwarf-with-dsym";
				ENABLE_NS_ASSERTIONS = NO;
				ENABLE_STRICT_OBJC_MSGSEND = YES;
				GCC_C_LANGUAGE_STANDARD = gnu99;
				GCC_NO_COMMON_BLOCKS = YES;
				GCC_WARN_64_TO_32_BIT_CONVERSION = YES;
				GCC_WARN_ABOUT_RETURN_TYPE = YES_ERROR;
				GCC_WARN_UNDECLARED_SELECTOR = YES;
				GCC_WARN_UNINITIALIZED_AUTOS = YES_AGGRESSIVE;
				GCC_WARN_UNUSED_FUNCTION = YES;
				GCC_WARN_UNUSED_VARIABLE = YES;
				IPHONEOS_DEPLOYMENT_TARGET = 10.2;
				MTL_ENABLE_DEBUG_INFO = NO;
				SDKROOT = iphoneos;
				SWIFT_OPTIMIZATION_LEVEL = "-Owholemodule";
				TARGETED_DEVICE_FAMILY = "1,2";
				VALIDATE_PRODUCT = YES;
			};
			name = Release;
		};
		56A5B3AA1E0C597700C6A08E /* Debug */ = {
			isa = XCBuildConfiguration;
			baseConfigurationReference = D0412A6CD53A668DF8B77E91 /* Pods-snoogle.debug.xcconfig */;
			buildSettings = {
				ALWAYS_EMBED_SWIFT_STANDARD_LIBRARIES = YES;
				ASSETCATALOG_COMPILER_APPICON_NAME = AppIcon;
				DEVELOPMENT_TEAM = PG246JM739;
				INFOPLIST_FILE = snoogle/Info.plist;
				LD_RUNPATH_SEARCH_PATHS = "$(inherited) @executable_path/Frameworks";
				PRODUCT_BUNDLE_IDENTIFIER = com.debonair.snoogle;
				PRODUCT_NAME = "$(TARGET_NAME)";
				SWIFT_VERSION = 3.0;
			};
			name = Debug;
		};
		56A5B3AB1E0C597700C6A08E /* Release */ = {
			isa = XCBuildConfiguration;
			baseConfigurationReference = A727E4D47AFA852E69E660A2 /* Pods-snoogle.release.xcconfig */;
			buildSettings = {
				ALWAYS_EMBED_SWIFT_STANDARD_LIBRARIES = YES;
				ASSETCATALOG_COMPILER_APPICON_NAME = AppIcon;
				DEVELOPMENT_TEAM = PG246JM739;
				INFOPLIST_FILE = snoogle/Info.plist;
				LD_RUNPATH_SEARCH_PATHS = "$(inherited) @executable_path/Frameworks";
				PRODUCT_BUNDLE_IDENTIFIER = com.debonair.snoogle;
				PRODUCT_NAME = "$(TARGET_NAME)";
				SWIFT_VERSION = 3.0;
			};
			name = Release;
		};
/* End XCBuildConfiguration section */

/* Begin XCConfigurationList section */
		56A5B3921E0C597600C6A08E /* Build configuration list for PBXProject "snoogle" */ = {
			isa = XCConfigurationList;
			buildConfigurations = (
				56A5B3A71E0C597700C6A08E /* Debug */,
				56A5B3A81E0C597700C6A08E /* Release */,
			);
			defaultConfigurationIsVisible = 0;
			defaultConfigurationName = Release;
		};
		56A5B3A91E0C597700C6A08E /* Build configuration list for PBXNativeTarget "snoogle" */ = {
			isa = XCConfigurationList;
			buildConfigurations = (
				56A5B3AA1E0C597700C6A08E /* Debug */,
				56A5B3AB1E0C597700C6A08E /* Release */,
			);
			defaultConfigurationIsVisible = 0;
			defaultConfigurationName = Release;
		};
/* End XCConfigurationList section */
	};
	rootObject = 56A5B38F1E0C597600C6A08E /* Project object */;
}
